// !$*UTF8*$!
{
	archiveVersion = 1;
	classes = {
	};
	objectVersion = 46;
	objects = {

/* Begin PBXBuildFile section */
		BE57F9A41EF16E3E008BE6AD /* AppDelegate.swift in Sources */ = {isa = PBXBuildFile; fileRef = BE57F9A31EF16E3E008BE6AD /* AppDelegate.swift */; };
		BE57F9A61EF16E3E008BE6AD /* ViewController.swift in Sources */ = {isa = PBXBuildFile; fileRef = BE57F9A51EF16E3E008BE6AD /* ViewController.swift */; };
		BE57F9A91EF16E3E008BE6AD /* Main.storyboard in Resources */ = {isa = PBXBuildFile; fileRef = BE57F9A71EF16E3E008BE6AD /* Main.storyboard */; };
		BE57F9AB1EF16E3E008BE6AD /* Assets.xcassets in Resources */ = {isa = PBXBuildFile; fileRef = BE57F9AA1EF16E3E008BE6AD /* Assets.xcassets */; };
		BE57F9AE1EF16E3E008BE6AD /* LaunchScreen.storyboard in Resources */ = {isa = PBXBuildFile; fileRef = BE57F9AC1EF16E3E008BE6AD /* LaunchScreen.storyboard */; };
/* End PBXBuildFile section */

/* Begin PBXFileReference section */
		BE57F9A01EF16E3E008BE6AD /* changeBook.app */ = {isa = PBXFileReference; explicitFileType = wrapper.application; includeInIndex = 0; path = changeBook.app; sourceTree = BUILT_PRODUCTS_DIR; };
		BE57F9A31EF16E3E008BE6AD /* AppDelegate.swift */ = {isa = PBXFileReference; lastKnownFileType = sourcecode.swift; path = AppDelegate.swift; sourceTree = "<group>"; };
		BE57F9A51EF16E3E008BE6AD /* ViewController.swift */ = {isa = PBXFileReference; lastKnownFileType = sourcecode.swift; path = ViewController.swift; sourceTree = "<group>"; };
		BE57F9A81EF16E3E008BE6AD /* Base */ = {isa = PBXFileReference; lastKnownFileType = file.storyboard; name = Base; path = Base.lproj/Main.storyboard; sourceTree = "<group>"; };
		BE57F9AA1EF16E3E008BE6AD /* Assets.xcassets */ = {isa = PBXFileReference; lastKnownFileType = folder.assetcatalog; path = Assets.xcassets; sourceTree = "<group>"; };
		BE57F9AD1EF16E3E008BE6AD /* Base */ = {isa = PBXFileReference; lastKnownFileType = file.storyboard; name = Base; path = Base.lproj/LaunchScreen.storyboard; sourceTree = "<group>"; };
		BE57F9AF1EF16E3E008BE6AD /* Info.plist */ = {isa = PBXFileReference; lastKnownFileType = text.plist.xml; path = Info.plist; sourceTree = "<group>"; };
/* End PBXFileReference section */

/* Begin PBXFrameworksBuildPhase section */
		BE57F99D1EF16E3E008BE6AD /* Frameworks */ = {
			isa = PBXFrameworksBuildPhase;
			buildActionMask = 2147483647;
			files = (
			);
			runOnlyForDeploymentPostprocessing = 0;
		};
/* End PBXFrameworksBuildPhase section */

/* Begin PBXGroup section */
		BE57F9971EF16E3E008BE6AD = {
			isa = PBXGroup;
			children = (
				BE57F9A21EF16E3E008BE6AD /* changeBook */,
				BE57F9A11EF16E3E008BE6AD /* Products */,
			);
			sourceTree = "<group>";
		};
		BE57F9A11EF16E3E008BE6AD /* Products */ = {
			isa = PBXGroup;
			children = (
				BE57F9A01EF16E3E008BE6AD /* changeBook.app */,
			);
			name = Products;
			sourceTree = "<group>";
		};
		BE57F9A21EF16E3E008BE6AD /* changeBook */ = {
			isa = PBXGroup;
			children = (
				BE57F9A31EF16E3E008BE6AD /* AppDelegate.swift */,
				BE57F9A51EF16E3E008BE6AD /* ViewController.swift */,
				BE57F9A71EF16E3E008BE6AD /* Main.storyboard */,
				BE57F9AA1EF16E3E008BE6AD /* Assets.xcassets */,
				BE57F9AC1EF16E3E008BE6AD /* LaunchScreen.storyboard */,
				BE57F9AF1EF16E3E008BE6AD /* Info.plist */,
			);
			path = changeBook;
			sourceTree = "<group>";
		};
/* End PBXGroup section */

/* Begin PBXNativeTarget section */
		BE57F99F1EF16E3E008BE6AD /* changeBook */ = {
			isa = PBXNativeTarget;
			buildConfigurationList = BE57F9B21EF16E3E008BE6AD /* Build configuration list for PBXNativeTarget "changeBook" */;
			buildPhases = (
				BE57F99C1EF16E3E008BE6AD /* Sources */,
				BE57F99D1EF16E3E008BE6AD /* Frameworks */,
				BE57F99E1EF16E3E008BE6AD /* Resources */,
			);
			buildRules = (
			);
			dependencies = (
			);
			name = changeBook;
			productName = changeBook;
			productReference = BE57F9A01EF16E3E008BE6AD /* changeBook.app */;
			productType = "com.apple.product-type.application";
		};
/* End PBXNativeTarget section */

/* Begin PBXProject section */
		BE57F9981EF16E3E008BE6AD /* Project object */ = {
			isa = PBXProject;
			attributes = {
				LastSwiftUpdateCheck = 0830;
				LastUpgradeCheck = 0830;
				ORGANIZATIONNAME = Jvaeyhcd;
				TargetAttributes = {
					BE57F99F1EF16E3E008BE6AD = {
						CreatedOnToolsVersion = 8.3.2;
						DevelopmentTeam = NLP5PZS8U3;
						ProvisioningStyle = Automatic;
					};
				};
			};
			buildConfigurationList = BE57F99B1EF16E3E008BE6AD /* Build configuration list for PBXProject "changeBook" */;
			compatibilityVersion = "Xcode 3.2";
			developmentRegion = English;
			hasScannedForEncodings = 0;
			knownRegions = (
				en,
				Base,
			);
			mainGroup = BE57F9971EF16E3E008BE6AD;
			productRefGroup = BE57F9A11EF16E3E008BE6AD /* Products */;
			projectDirPath = "";
			projectRoot = "";
			targets = (
				BE57F99F1EF16E3E008BE6AD /* changeBook */,
			);
		};
/* End PBXProject section */

/* Begin PBXResourcesBuildPhase section */
		BE57F99E1EF16E3E008BE6AD /* Resources */ = {
			isa = PBXResourcesBuildPhase;
			buildActionMask = 2147483647;
			files = (
				BE57F9AE1EF16E3E008BE6AD /* LaunchScreen.storyboard in Resources */,
				BE57F9AB1EF16E3E008BE6AD /* Assets.xcassets in Resources */,
				BE57F9A91EF16E3E008BE6AD /* Main.storyboard in Resources */,
			);
			runOnlyForDeploymentPostprocessing = 0;
		};
/* End PBXResourcesBuildPhase section */

/* Begin PBXSourcesBuildPhase section */
		BE57F99C1EF16E3E008BE6AD /* Sources */ = {
			isa = PBXSourcesBuildPhase;
			buildActionMask = 2147483647;
			files = (
				BE57F9A61EF16E3E008BE6AD /* ViewController.swift in Sources */,
				BE57F9A41EF16E3E008BE6AD /* AppDelegate.swift in Sources */,
			);
			runOnlyForDeploymentPostprocessing = 0;
		};
/* End PBXSourcesBuildPhase section */

/* Begin PBXVariantGroup section */
		BE57F9A71EF16E3E008BE6AD /* Main.storyboard */ = {
			isa = PBXVariantGroup;
			children = (
				BE57F9A81EF16E3E008BE6AD /* Base */,
			);
			name = Main.storyboard;
			sourceTree = "<group>";
		};
		BE57F9AC1EF16E3E008BE6AD /* LaunchScreen.storyboard */ = {
			isa = PBXVariantGroup;
			children = (
				BE57F9AD1EF16E3E008BE6AD /* Base */,
			);
			name = LaunchScreen.storyboard;
			sourceTree = "<group>";
		};
/* End PBXVariantGroup section */

/* Begin XCBuildConfiguration section */
		BE57F9B01EF16E3E008BE6AD /* Debug */ = {
			isa = XCBuildConfiguration;
			buildSettings = {
				ALWAYS_SEARCH_USER_PATHS = NO;
				CLANG_ANALYZER_NONNULL = YES;
				CLANG_ANALYZER_NUMBER_OBJECT_CONVERSION = YES_AGGRESSIVE;
				CLANG_CXX_LANGUAGE_STANDARD = "gnu++0x";
				CLANG_CXX_LIBRARY = "libc++";
				CLANG_ENABLE_MODULES = YES;
				CLANG_ENABLE_OBJC_ARC = YES;
				CLANG_WARN_BOOL_CONVERSION = YES;
				CLANG_WARN_CONSTANT_CONVERSION = YES;
				CLANG_WARN_DIRECT_OBJC_ISA_USAGE = YES_ERROR;
				CLANG_WARN_DOCUMENTATION_COMMENTS = YES;
				CLANG_WARN_EMPTY_BODY = YES;
				CLANG_WARN_ENUM_CONVERSION = YES;
				CLANG_WARN_INFINITE_RECURSION = YES;
				CLANG_WARN_INT_CONVERSION = YES;
				CLANG_WARN_OBJC_ROOT_CLASS = YES_ERROR;
				CLANG_WARN_SUSPICIOUS_MOVE = YES;
				CLANG_WARN_UNREACHABLE_CODE = YES;
				CLANG_WARN__DUPLICATE_METHOD_MATCH = YES;
				"CODE_SIGN_IDENTITY[sdk=iphoneos*]" = "iPhone Developer";
				COPY_PHASE_STRIP = NO;
				DEBUG_INFORMATION_FORMAT = dwarf;
				ENABLE_STRICT_OBJC_MSGSEND = YES;
				ENABLE_TESTABILITY = YES;
				GCC_C_LANGUAGE_STANDARD = gnu99;
				GCC_DYNAMIC_NO_PIC = NO;
				GCC_NO_COMMON_BLOCKS = YES;
				GCC_OPTIMIZATION_LEVEL = 0;
				GCC_PREPROCESSOR_DEFINITIONS = (
					"DEBUG=1",
					"$(inherited)",
				);
				GCC_WARN_64_TO_32_BIT_CONVERSION = YES;
				GCC_WARN_ABOUT_RETURN_TYPE = YES_ERROR;
				GCC_WARN_UNDECLARED_SELECTOR = YES;
				GCC_WARN_UNINITIALIZED_AUTOS = YES_AGGRESSIVE;
				GCC_WARN_UNUSED_FUNCTION = YES;
				GCC_WARN_UNUSED_VARIABLE = YES;
				IPHONEOS_DEPLOYMENT_TARGET = 10.3;
				MTL_ENABLE_DEBUG_INFO = YES;
				ONLY_ACTIVE_ARCH = YES;
				SDKROOT = iphoneos;
				SWIFT_ACTIVE_COMPILATION_CONDITIONS = DEBUG;
				SWIFT_OPTIMIZATION_LEVEL = "-Onone";
			};
			name = Debug;
		};
		BE57F9B11EF16E3E008BE6AD /* Release */ = {
			isa = XCBuildConfiguration;
			buildSettings = {
				ALWAYS_SEARCH_USER_PATHS = NO;
				CLANG_ANALYZER_NONNULL = YES;
				CLANG_ANALYZER_NUMBER_OBJECT_CONVERSION = YES_AGGRESSIVE;
				CLANG_CXX_LANGUAGE_STANDARD = "gnu++0x";
				CLANG_CXX_LIBRARY = "libc++";
				CLANG_ENABLE_MODULES = YES;
				CLANG_ENABLE_OBJC_ARC = YES;
				CLANG_WARN_BOOL_CONVERSION = YES;
				CLANG_WARN_CONSTANT_CONVERSION = YES;
				CLANG_WARN_DIRECT_OBJC_ISA_USAGE = YES_ERROR;
				CLANG_WARN_DOCUMENTATION_COMMENTS = YES;
				CLANG_WARN_EMPTY_BODY = YES;
				CLANG_WARN_ENUM_CONVERSION = YES;
				CLANG_WARN_INFINITE_RECURSION = YES;
				CLANG_WARN_INT_CONVERSION = YES;
				CLANG_WARN_OBJC_ROOT_CLASS = YES_ERROR;
				CLANG_WARN_SUSPICIOUS_MOVE = YES;
				CLANG_WARN_UNREACHABLE_CODE = YES;
				CLANG_WARN__DUPLICATE_METHOD_MATCH = YES;
				"CODE_SIGN_IDENTITY[sdk=iphoneos*]" = "iPhone Developer";
				COPY_PHASE_STRIP = NO;
				DEBUG_INFORMATION_FORMAT = "dwarf-with-dsym";
				ENABLE_NS_ASSERTIONS = NO;
				ENABLE_STRICT_OBJC_MSGSEND = YES;
				GCC_C_LANGUAGE_STANDARD = gnu99;
				GCC_NO_COMMON_BLOCKS = YES;
				GCC_WARN_64_TO_32_BIT_CONVERSION = YES;
				GCC_WARN_ABOUT_RETURN_TYPE = YES_ERROR;
				GCC_WARN_UNDECLARED_SELECTOR = YES;
				GCC_WARN_UNINITIALIZED_AUTOS = YES_AGGRESSIVE;
				GCC_WARN_UNUSED_FUNCTION = YES;
				GCC_WARN_UNUSED_VARIABLE = YES;
				IPHONEOS_DEPLOYMENT_TARGET = 10.3;
				MTL_ENABLE_DEBUG_INFO = NO;
				SDKROOT = iphoneos;
				SWIFT_OPTIMIZATION_LEVEL = "-Owholemodule";
				VALIDATE_PRODUCT = YES;
			};
			name = Release;
		};
		BE57F9B31EF16E3E008BE6AD /* Debug */ = {
			isa = XCBuildConfiguration;
			buildSettings = {
				ASSETCATALOG_COMPILER_APPICON_NAME = AppIcon;
				DEVELOPMENT_TEAM = NLP5PZS8U3;
				INFOPLIST_FILE = changeBook/Info.plist;
				LD_RUNPATH_SEARCH_PATHS = "$(inherited) @executable_path/Frameworks";
				PRODUCT_BUNDLE_IDENTIFIER = com.jvaeyhcd.changeBook;
				PRODUCT_NAME = "$(TARGET_NAME)";
				SWIFT_VERSION = 3.0;
			};
			name = Debug;
		};
		BE57F9B41EF16E3E008BE6AD /* Release */ = {
			isa = XCBuildConfiguration;
			buildSettings = {
				ASSETCATALOG_COMPILER_APPICON_NAME = AppIcon;
				DEVELOPMENT_TEAM = NLP5PZS8U3;
				INFOPLIST_FILE = changeBook/Info.plist;
				LD_RUNPATH_SEARCH_PATHS = "$(inherited) @executable_path/Frameworks";
				PRODUCT_BUNDLE_IDENTIFIER = com.jvaeyhcd.changeBook;
				PRODUCT_NAME = "$(TARGET_NAME)";
				SWIFT_VERSION = 3.0;
			};
			name = Release;
		};
/* End XCBuildConfiguration section */

/* Begin XCConfigurationList section */
		BE57F99B1EF16E3E008BE6AD /* Build configuration list for PBXProject "changeBook" */ = {
			isa = XCConfigurationList;
			buildConfigurations = (
				BE57F9B01EF16E3E008BE6AD /* Debug */,
				BE57F9B11EF16E3E008BE6AD /* Release */,
			);
			defaultConfigurationIsVisible = 0;
			defaultConfigurationName = Release;
		};
		BE57F9B21EF16E3E008BE6AD /* Build configuration list for PBXNativeTarget "changeBook" */ = {
			isa = XCConfigurationList;
			buildConfigurations = (
				BE57F9B31EF16E3E008BE6AD /* Debug */,
				BE57F9B41EF16E3E008BE6AD /* Release */,
			);
			defaultConfigurationIsVisible = 0;
		};
/* End XCConfigurationList section */
	};
	rootObject = BE57F9981EF16E3E008BE6AD /* Project object */;
}
