// !$*UTF8*$!
{
	archiveVersion = 1;
	classes = {
	};
	objectVersion = 46;
	objects = {

/* Begin PBXBuildFile section */
		726CE75011D31FD74D914887 /* Pods_changeBook.framework in Frameworks */ = {isa = PBXBuildFile; fileRef = 6F7ABDC689AFA44B179B71C5 /* Pods_changeBook.framework */; };
		BE01908C1EFC089400FA040E /* Config.swift in Sources */ = {isa = PBXBuildFile; fileRef = BE01908B1EFC089400FA040E /* Config.swift */; };
		BE01908F1EFC096C00FA040E /* UIColor+Polesapp.swift in Sources */ = {isa = PBXBuildFile; fileRef = BE01908E1EFC096C00FA040E /* UIColor+Polesapp.swift */; };
		BE0190951EFD4A4E00FA040E /* BaseNavigationController.swift in Sources */ = {isa = PBXBuildFile; fileRef = BE0190941EFD4A4E00FA040E /* BaseNavigationController.swift */; };
		BE0190971EFD4A6400FA040E /* BaseViewController.swift in Sources */ = {isa = PBXBuildFile; fileRef = BE0190961EFD4A6400FA040E /* BaseViewController.swift */; };
		BE01909D1EFD4B0300FA040E /* ArticleHomeViewController.swift in Sources */ = {isa = PBXBuildFile; fileRef = BE01909C1EFD4B0300FA040E /* ArticleHomeViewController.swift */; };
		BE01909F1EFD4B1000FA040E /* FriendsHomeViewController.swift in Sources */ = {isa = PBXBuildFile; fileRef = BE01909E1EFD4B1000FA040E /* FriendsHomeViewController.swift */; };
		BE0190A11EFD4B1900FA040E /* HomeViewController.swift in Sources */ = {isa = PBXBuildFile; fileRef = BE0190A01EFD4B1900FA040E /* HomeViewController.swift */; };
		BE0190A31EFD4B2500FA040E /* TeacherHomeViewController.swift in Sources */ = {isa = PBXBuildFile; fileRef = BE0190A21EFD4B2500FA040E /* TeacherHomeViewController.swift */; };
		BE0190A71EFD4B5E00FA040E /* RootTabBarViewController.swift in Sources */ = {isa = PBXBuildFile; fileRef = BE0190A41EFD4B5E00FA040E /* RootTabBarViewController.swift */; };
		BE0190A81EFD4B5E00FA040E /* RootViewController.swift in Sources */ = {isa = PBXBuildFile; fileRef = BE0190A51EFD4B5E00FA040E /* RootViewController.swift */; };
		BE0190A91EFD4B5E00FA040E /* MenuViewController.swift in Sources */ = {isa = PBXBuildFile; fileRef = BE0190A61EFD4B5E00FA040E /* MenuViewController.swift */; };
		BE0190AC1EFE0BC900FA040E /* MenuTableViewCell.swift in Sources */ = {isa = PBXBuildFile; fileRef = BE0190AB1EFE0BC900FA040E /* MenuTableViewCell.swift */; };
		BE57F9A41EF16E3E008BE6AD /* AppDelegate.swift in Sources */ = {isa = PBXBuildFile; fileRef = BE57F9A31EF16E3E008BE6AD /* AppDelegate.swift */; };
		BE57F9AB1EF16E3E008BE6AD /* Assets.xcassets in Resources */ = {isa = PBXBuildFile; fileRef = BE57F9AA1EF16E3E008BE6AD /* Assets.xcassets */; };
		BE57F9AE1EF16E3E008BE6AD /* LaunchScreen.storyboard in Resources */ = {isa = PBXBuildFile; fileRef = BE57F9AC1EF16E3E008BE6AD /* LaunchScreen.storyboard */; };
		BE8D53E81EFBF619003850EB /* Info.plist in Resources */ = {isa = PBXBuildFile; fileRef = BE8D53D81EFBF619003850EB /* Info.plist */; };
		BE8D53E91EFBF619003850EB /* STPopupController.m in Sources */ = {isa = PBXBuildFile; fileRef = BE8D53DB1EFBF619003850EB /* STPopupController.m */; };
		BE8D53EA1EFBF619003850EB /* STPopupControllerTransitioningFade.m in Sources */ = {isa = PBXBuildFile; fileRef = BE8D53DD1EFBF619003850EB /* STPopupControllerTransitioningFade.m */; };
		BE8D53EB1EFBF619003850EB /* STPopupControllerTransitioningSlideVertical.m in Sources */ = {isa = PBXBuildFile; fileRef = BE8D53DF1EFBF619003850EB /* STPopupControllerTransitioningSlideVertical.m */; };
		BE8D53EC1EFBF619003850EB /* STPopupLeftBarItem.m in Sources */ = {isa = PBXBuildFile; fileRef = BE8D53E11EFBF619003850EB /* STPopupLeftBarItem.m */; };
		BE8D53ED1EFBF619003850EB /* STPopupNavigationBar.m in Sources */ = {isa = PBXBuildFile; fileRef = BE8D53E31EFBF619003850EB /* STPopupNavigationBar.m */; };
		BE8D53EE1EFBF619003850EB /* UIResponder+STPopup.m in Sources */ = {isa = PBXBuildFile; fileRef = BE8D53E51EFBF619003850EB /* UIResponder+STPopup.m */; };
		BE8D53EF1EFBF619003850EB /* UIViewController+STPopup.m in Sources */ = {isa = PBXBuildFile; fileRef = BE8D53E71EFBF619003850EB /* UIViewController+STPopup.m */; };
		BE8D53F71EFC001C003850EB /* RECommonFunctions.m in Sources */ = {isa = PBXBuildFile; fileRef = BE8D53F21EFC001C003850EB /* RECommonFunctions.m */; };
		BE8D53F81EFC001C003850EB /* RESideMenu.m in Sources */ = {isa = PBXBuildFile; fileRef = BE8D53F41EFC001C003850EB /* RESideMenu.m */; };
		BE8D53F91EFC001C003850EB /* UIViewController+RESideMenu.m in Sources */ = {isa = PBXBuildFile; fileRef = BE8D53F61EFC001C003850EB /* UIViewController+RESideMenu.m */; };
/* End PBXBuildFile section */

/* Begin PBXFileReference section */
		111BB78C520EABAE3CC254D1 /* Pods-changeBook.debug.xcconfig */ = {isa = PBXFileReference; includeInIndex = 1; lastKnownFileType = text.xcconfig; name = "Pods-changeBook.debug.xcconfig"; path = "Pods/Target Support Files/Pods-changeBook/Pods-changeBook.debug.xcconfig"; sourceTree = "<group>"; };
		6F7ABDC689AFA44B179B71C5 /* Pods_changeBook.framework */ = {isa = PBXFileReference; explicitFileType = wrapper.framework; includeInIndex = 0; path = Pods_changeBook.framework; sourceTree = BUILT_PRODUCTS_DIR; };
		BE01908B1EFC089400FA040E /* Config.swift */ = {isa = PBXFileReference; fileEncoding = 4; lastKnownFileType = sourcecode.swift; path = Config.swift; sourceTree = "<group>"; };
		BE01908E1EFC096C00FA040E /* UIColor+Polesapp.swift */ = {isa = PBXFileReference; fileEncoding = 4; lastKnownFileType = sourcecode.swift; path = "UIColor+Polesapp.swift"; sourceTree = "<group>"; };
		BE0190941EFD4A4E00FA040E /* BaseNavigationController.swift */ = {isa = PBXFileReference; fileEncoding = 4; lastKnownFileType = sourcecode.swift; path = BaseNavigationController.swift; sourceTree = "<group>"; };
		BE0190961EFD4A6400FA040E /* BaseViewController.swift */ = {isa = PBXFileReference; fileEncoding = 4; lastKnownFileType = sourcecode.swift; path = BaseViewController.swift; sourceTree = "<group>"; };
		BE01909C1EFD4B0300FA040E /* ArticleHomeViewController.swift */ = {isa = PBXFileReference; fileEncoding = 4; lastKnownFileType = sourcecode.swift; path = ArticleHomeViewController.swift; sourceTree = "<group>"; };
		BE01909E1EFD4B1000FA040E /* FriendsHomeViewController.swift */ = {isa = PBXFileReference; fileEncoding = 4; lastKnownFileType = sourcecode.swift; path = FriendsHomeViewController.swift; sourceTree = "<group>"; };
		BE0190A01EFD4B1900FA040E /* HomeViewController.swift */ = {isa = PBXFileReference; fileEncoding = 4; lastKnownFileType = sourcecode.swift; path = HomeViewController.swift; sourceTree = "<group>"; };
		BE0190A21EFD4B2500FA040E /* TeacherHomeViewController.swift */ = {isa = PBXFileReference; fileEncoding = 4; lastKnownFileType = sourcecode.swift; path = TeacherHomeViewController.swift; sourceTree = "<group>"; };
		BE0190A41EFD4B5E00FA040E /* RootTabBarViewController.swift */ = {isa = PBXFileReference; fileEncoding = 4; lastKnownFileType = sourcecode.swift; path = RootTabBarViewController.swift; sourceTree = "<group>"; };
		BE0190A51EFD4B5E00FA040E /* RootViewController.swift */ = {isa = PBXFileReference; fileEncoding = 4; lastKnownFileType = sourcecode.swift; path = RootViewController.swift; sourceTree = "<group>"; };
		BE0190A61EFD4B5E00FA040E /* MenuViewController.swift */ = {isa = PBXFileReference; fileEncoding = 4; lastKnownFileType = sourcecode.swift; path = MenuViewController.swift; sourceTree = "<group>"; };
		BE0190AB1EFE0BC900FA040E /* MenuTableViewCell.swift */ = {isa = PBXFileReference; fileEncoding = 4; lastKnownFileType = sourcecode.swift; path = MenuTableViewCell.swift; sourceTree = "<group>"; };
		BE57F9A01EF16E3E008BE6AD /* changeBook.app */ = {isa = PBXFileReference; explicitFileType = wrapper.application; includeInIndex = 0; path = changeBook.app; sourceTree = BUILT_PRODUCTS_DIR; };
		BE57F9A31EF16E3E008BE6AD /* AppDelegate.swift */ = {isa = PBXFileReference; lastKnownFileType = sourcecode.swift; path = AppDelegate.swift; sourceTree = "<group>"; };
		BE57F9AA1EF16E3E008BE6AD /* Assets.xcassets */ = {isa = PBXFileReference; lastKnownFileType = folder.assetcatalog; path = Assets.xcassets; sourceTree = "<group>"; };
		BE57F9AD1EF16E3E008BE6AD /* Base */ = {isa = PBXFileReference; lastKnownFileType = file.storyboard; name = Base; path = Base.lproj/LaunchScreen.storyboard; sourceTree = "<group>"; };
		BE57F9AF1EF16E3E008BE6AD /* Info.plist */ = {isa = PBXFileReference; lastKnownFileType = text.plist.xml; path = Info.plist; sourceTree = "<group>"; };
		BE8D53D21EFBF5C6003850EB /* changeBook-Bridging-Header.h */ = {isa = PBXFileReference; lastKnownFileType = sourcecode.c.h; path = "changeBook-Bridging-Header.h"; sourceTree = "<group>"; };
		BE8D53D81EFBF619003850EB /* Info.plist */ = {isa = PBXFileReference; fileEncoding = 4; lastKnownFileType = text.plist.xml; path = Info.plist; sourceTree = "<group>"; };
		BE8D53D91EFBF619003850EB /* STPopup.h */ = {isa = PBXFileReference; fileEncoding = 4; lastKnownFileType = sourcecode.c.h; path = STPopup.h; sourceTree = "<group>"; };
		BE8D53DA1EFBF619003850EB /* STPopupController.h */ = {isa = PBXFileReference; fileEncoding = 4; lastKnownFileType = sourcecode.c.h; path = STPopupController.h; sourceTree = "<group>"; };
		BE8D53DB1EFBF619003850EB /* STPopupController.m */ = {isa = PBXFileReference; fileEncoding = 4; lastKnownFileType = sourcecode.c.objc; path = STPopupController.m; sourceTree = "<group>"; };
		BE8D53DC1EFBF619003850EB /* STPopupControllerTransitioningFade.h */ = {isa = PBXFileReference; fileEncoding = 4; lastKnownFileType = sourcecode.c.h; path = STPopupControllerTransitioningFade.h; sourceTree = "<group>"; };
		BE8D53DD1EFBF619003850EB /* STPopupControllerTransitioningFade.m */ = {isa = PBXFileReference; fileEncoding = 4; lastKnownFileType = sourcecode.c.objc; path = STPopupControllerTransitioningFade.m; sourceTree = "<group>"; };
		BE8D53DE1EFBF619003850EB /* STPopupControllerTransitioningSlideVertical.h */ = {isa = PBXFileReference; fileEncoding = 4; lastKnownFileType = sourcecode.c.h; path = STPopupControllerTransitioningSlideVertical.h; sourceTree = "<group>"; };
		BE8D53DF1EFBF619003850EB /* STPopupControllerTransitioningSlideVertical.m */ = {isa = PBXFileReference; fileEncoding = 4; lastKnownFileType = sourcecode.c.objc; path = STPopupControllerTransitioningSlideVertical.m; sourceTree = "<group>"; };
		BE8D53E01EFBF619003850EB /* STPopupLeftBarItem.h */ = {isa = PBXFileReference; fileEncoding = 4; lastKnownFileType = sourcecode.c.h; path = STPopupLeftBarItem.h; sourceTree = "<group>"; };
		BE8D53E11EFBF619003850EB /* STPopupLeftBarItem.m */ = {isa = PBXFileReference; fileEncoding = 4; lastKnownFileType = sourcecode.c.objc; path = STPopupLeftBarItem.m; sourceTree = "<group>"; };
		BE8D53E21EFBF619003850EB /* STPopupNavigationBar.h */ = {isa = PBXFileReference; fileEncoding = 4; lastKnownFileType = sourcecode.c.h; path = STPopupNavigationBar.h; sourceTree = "<group>"; };
		BE8D53E31EFBF619003850EB /* STPopupNavigationBar.m */ = {isa = PBXFileReference; fileEncoding = 4; lastKnownFileType = sourcecode.c.objc; path = STPopupNavigationBar.m; sourceTree = "<group>"; };
		BE8D53E41EFBF619003850EB /* UIResponder+STPopup.h */ = {isa = PBXFileReference; fileEncoding = 4; lastKnownFileType = sourcecode.c.h; path = "UIResponder+STPopup.h"; sourceTree = "<group>"; };
		BE8D53E51EFBF619003850EB /* UIResponder+STPopup.m */ = {isa = PBXFileReference; fileEncoding = 4; lastKnownFileType = sourcecode.c.objc; path = "UIResponder+STPopup.m"; sourceTree = "<group>"; };
		BE8D53E61EFBF619003850EB /* UIViewController+STPopup.h */ = {isa = PBXFileReference; fileEncoding = 4; lastKnownFileType = sourcecode.c.h; path = "UIViewController+STPopup.h"; sourceTree = "<group>"; };
		BE8D53E71EFBF619003850EB /* UIViewController+STPopup.m */ = {isa = PBXFileReference; fileEncoding = 4; lastKnownFileType = sourcecode.c.objc; path = "UIViewController+STPopup.m"; sourceTree = "<group>"; };
		BE8D53F11EFC001C003850EB /* RECommonFunctions.h */ = {isa = PBXFileReference; fileEncoding = 4; lastKnownFileType = sourcecode.c.h; path = RECommonFunctions.h; sourceTree = "<group>"; };
		BE8D53F21EFC001C003850EB /* RECommonFunctions.m */ = {isa = PBXFileReference; fileEncoding = 4; lastKnownFileType = sourcecode.c.objc; path = RECommonFunctions.m; sourceTree = "<group>"; };
		BE8D53F31EFC001C003850EB /* RESideMenu.h */ = {isa = PBXFileReference; fileEncoding = 4; lastKnownFileType = sourcecode.c.h; path = RESideMenu.h; sourceTree = "<group>"; };
		BE8D53F41EFC001C003850EB /* RESideMenu.m */ = {isa = PBXFileReference; fileEncoding = 4; lastKnownFileType = sourcecode.c.objc; path = RESideMenu.m; sourceTree = "<group>"; };
		BE8D53F51EFC001C003850EB /* UIViewController+RESideMenu.h */ = {isa = PBXFileReference; fileEncoding = 4; lastKnownFileType = sourcecode.c.h; path = "UIViewController+RESideMenu.h"; sourceTree = "<group>"; };
		BE8D53F61EFC001C003850EB /* UIViewController+RESideMenu.m */ = {isa = PBXFileReference; fileEncoding = 4; lastKnownFileType = sourcecode.c.objc; path = "UIViewController+RESideMenu.m"; sourceTree = "<group>"; };
		FD24FA76B8D7C13454370158 /* Pods-changeBook.release.xcconfig */ = {isa = PBXFileReference; includeInIndex = 1; lastKnownFileType = text.xcconfig; name = "Pods-changeBook.release.xcconfig"; path = "Pods/Target Support Files/Pods-changeBook/Pods-changeBook.release.xcconfig"; sourceTree = "<group>"; };
/* End PBXFileReference section */

/* Begin PBXFrameworksBuildPhase section */
		BE57F99D1EF16E3E008BE6AD /* Frameworks */ = {
			isa = PBXFrameworksBuildPhase;
			buildActionMask = 2147483647;
			files = (
				726CE75011D31FD74D914887 /* Pods_changeBook.framework in Frameworks */,
			);
			runOnlyForDeploymentPostprocessing = 0;
		};
/* End PBXFrameworksBuildPhase section */

/* Begin PBXGroup section */
		BE01908D1EFC096C00FA040E /* Extensions */ = {
			isa = PBXGroup;
			children = (
				BE01908E1EFC096C00FA040E /* UIColor+Polesapp.swift */,
			);
			path = Extensions;
			sourceTree = "<group>";
		};
		BE0190921EFD4A2800FA040E /* ViewController */ = {
			isa = PBXGroup;
			children = (
				BE0190AA1EFE049000FA040E /* Menu */,
				BE0190981EFD4AED00FA040E /* Article */,
				BE0190991EFD4AED00FA040E /* Friends */,
				BE01909A1EFD4AED00FA040E /* Home */,
				BE01909B1EFD4AED00FA040E /* Teacher */,
				BE0190931EFD4A2800FA040E /* Common */,
				BE0190A41EFD4B5E00FA040E /* RootTabBarViewController.swift */,
				BE0190A51EFD4B5E00FA040E /* RootViewController.swift */,
				BE0190A61EFD4B5E00FA040E /* MenuViewController.swift */,
			);
			path = ViewController;
			sourceTree = "<group>";
		};
		BE0190931EFD4A2800FA040E /* Common */ = {
			isa = PBXGroup;
			children = (
				BE0190941EFD4A4E00FA040E /* BaseNavigationController.swift */,
				BE0190961EFD4A6400FA040E /* BaseViewController.swift */,
			);
			path = Common;
			sourceTree = "<group>";
		};
		BE0190981EFD4AED00FA040E /* Article */ = {
			isa = PBXGroup;
			children = (
				BE01909C1EFD4B0300FA040E /* ArticleHomeViewController.swift */,
			);
			path = Article;
			sourceTree = "<group>";
		};
		BE0190991EFD4AED00FA040E /* Friends */ = {
			isa = PBXGroup;
			children = (
				BE01909E1EFD4B1000FA040E /* FriendsHomeViewController.swift */,
			);
			path = Friends;
			sourceTree = "<group>";
		};
		BE01909A1EFD4AED00FA040E /* Home */ = {
			isa = PBXGroup;
			children = (
				BE0190A01EFD4B1900FA040E /* HomeViewController.swift */,
			);
			path = Home;
			sourceTree = "<group>";
		};
		BE01909B1EFD4AED00FA040E /* Teacher */ = {
			isa = PBXGroup;
			children = (
				BE0190A21EFD4B2500FA040E /* TeacherHomeViewController.swift */,
			);
			path = Teacher;
			sourceTree = "<group>";
		};
		BE0190AA1EFE049000FA040E /* Menu */ = {
			isa = PBXGroup;
			children = (
				BE0190AB1EFE0BC900FA040E /* MenuTableViewCell.swift */,
			);
			path = Menu;
			sourceTree = "<group>";
		};
		BE57F9971EF16E3E008BE6AD = {
			isa = PBXGroup;
			children = (
				BE8D53D11EFBF5AD003850EB /* OC */,
				BE57F9A21EF16E3E008BE6AD /* changeBook */,
				BE57F9A11EF16E3E008BE6AD /* Products */,
				E5BBD58AB3CBAA9D464DBAFE /* Pods */,
				EF0A03ED7C5124EEDA87C895 /* Frameworks */,
			);
			sourceTree = "<group>";
		};
		BE57F9A11EF16E3E008BE6AD /* Products */ = {
			isa = PBXGroup;
			children = (
				BE57F9A01EF16E3E008BE6AD /* changeBook.app */,
			);
			name = Products;
			sourceTree = "<group>";
		};
		BE57F9A21EF16E3E008BE6AD /* changeBook */ = {
			isa = PBXGroup;
			children = (
				BE0190921EFD4A2800FA040E /* ViewController */,
				BE01908D1EFC096C00FA040E /* Extensions */,
				BE57F9A31EF16E3E008BE6AD /* AppDelegate.swift */,
				BE01908B1EFC089400FA040E /* Config.swift */,
				BE57F9AA1EF16E3E008BE6AD /* Assets.xcassets */,
				BE57F9AC1EF16E3E008BE6AD /* LaunchScreen.storyboard */,
				BE57F9AF1EF16E3E008BE6AD /* Info.plist */,
			);
			path = changeBook;
			sourceTree = "<group>";
		};
		BE8D53D11EFBF5AD003850EB /* OC */ = {
			isa = PBXGroup;
			children = (
				BE8D53D61EFBF5F6003850EB /* Vendor */,
				BE8D53D21EFBF5C6003850EB /* changeBook-Bridging-Header.h */,
			);
			path = OC;
			sourceTree = "<group>";
		};
		BE8D53D61EFBF5F6003850EB /* Vendor */ = {
			isa = PBXGroup;
			children = (
				BE8D53F01EFC001C003850EB /* RESideMenu */,
				BE8D53D71EFBF619003850EB /* STPopup */,
			);
			path = Vendor;
			sourceTree = "<group>";
		};
		BE8D53D71EFBF619003850EB /* STPopup */ = {
			isa = PBXGroup;
			children = (
				BE8D53D81EFBF619003850EB /* Info.plist */,
				BE8D53D91EFBF619003850EB /* STPopup.h */,
				BE8D53DA1EFBF619003850EB /* STPopupController.h */,
				BE8D53DB1EFBF619003850EB /* STPopupController.m */,
				BE8D53DC1EFBF619003850EB /* STPopupControllerTransitioningFade.h */,
				BE8D53DD1EFBF619003850EB /* STPopupControllerTransitioningFade.m */,
				BE8D53DE1EFBF619003850EB /* STPopupControllerTransitioningSlideVertical.h */,
				BE8D53DF1EFBF619003850EB /* STPopupControllerTransitioningSlideVertical.m */,
				BE8D53E01EFBF619003850EB /* STPopupLeftBarItem.h */,
				BE8D53E11EFBF619003850EB /* STPopupLeftBarItem.m */,
				BE8D53E21EFBF619003850EB /* STPopupNavigationBar.h */,
				BE8D53E31EFBF619003850EB /* STPopupNavigationBar.m */,
				BE8D53E41EFBF619003850EB /* UIResponder+STPopup.h */,
				BE8D53E51EFBF619003850EB /* UIResponder+STPopup.m */,
				BE8D53E61EFBF619003850EB /* UIViewController+STPopup.h */,
				BE8D53E71EFBF619003850EB /* UIViewController+STPopup.m */,
			);
			path = STPopup;
			sourceTree = "<group>";
		};
		BE8D53F01EFC001C003850EB /* RESideMenu */ = {
			isa = PBXGroup;
			children = (
				BE8D53F11EFC001C003850EB /* RECommonFunctions.h */,
				BE8D53F21EFC001C003850EB /* RECommonFunctions.m */,
				BE8D53F31EFC001C003850EB /* RESideMenu.h */,
				BE8D53F41EFC001C003850EB /* RESideMenu.m */,
				BE8D53F51EFC001C003850EB /* UIViewController+RESideMenu.h */,
				BE8D53F61EFC001C003850EB /* UIViewController+RESideMenu.m */,
			);
			path = RESideMenu;
			sourceTree = "<group>";
		};
		E5BBD58AB3CBAA9D464DBAFE /* Pods */ = {
			isa = PBXGroup;
			children = (
				111BB78C520EABAE3CC254D1 /* Pods-changeBook.debug.xcconfig */,
				FD24FA76B8D7C13454370158 /* Pods-changeBook.release.xcconfig */,
			);
			name = Pods;
			sourceTree = "<group>";
		};
		EF0A03ED7C5124EEDA87C895 /* Frameworks */ = {
			isa = PBXGroup;
			children = (
				6F7ABDC689AFA44B179B71C5 /* Pods_changeBook.framework */,
			);
			name = Frameworks;
			sourceTree = "<group>";
		};
/* End PBXGroup section */

/* Begin PBXNativeTarget section */
		BE57F99F1EF16E3E008BE6AD /* changeBook */ = {
			isa = PBXNativeTarget;
			buildConfigurationList = BE57F9B21EF16E3E008BE6AD /* Build configuration list for PBXNativeTarget "changeBook" */;
			buildPhases = (
				D18D03677B7283102FFDD65F /* [CP] Check Pods Manifest.lock */,
				BE57F99C1EF16E3E008BE6AD /* Sources */,
				BE57F99D1EF16E3E008BE6AD /* Frameworks */,
				BE57F99E1EF16E3E008BE6AD /* Resources */,
				B54E05CB16F5E6984E546DF1 /* [CP] Embed Pods Frameworks */,
				36DEC9A9A07461A41D280686 /* [CP] Copy Pods Resources */,
			);
			buildRules = (
			);
			dependencies = (
			);
			name = changeBook;
			productName = changeBook;
			productReference = BE57F9A01EF16E3E008BE6AD /* changeBook.app */;
			productType = "com.apple.product-type.application";
		};
/* End PBXNativeTarget section */

/* Begin PBXProject section */
		BE57F9981EF16E3E008BE6AD /* Project object */ = {
			isa = PBXProject;
			attributes = {
				LastSwiftUpdateCheck = 0830;
				LastUpgradeCheck = 0830;
				ORGANIZATIONNAME = Jvaeyhcd;
				TargetAttributes = {
					BE57F99F1EF16E3E008BE6AD = {
						CreatedOnToolsVersion = 8.3.2;
						DevelopmentTeam = NLP5PZS8U3;
						LastSwiftMigration = 0830;
						ProvisioningStyle = Automatic;
					};
				};
			};
			buildConfigurationList = BE57F99B1EF16E3E008BE6AD /* Build configuration list for PBXProject "changeBook" */;
			compatibilityVersion = "Xcode 3.2";
			developmentRegion = English;
			hasScannedForEncodings = 0;
			knownRegions = (
				en,
				Base,
			);
			mainGroup = BE57F9971EF16E3E008BE6AD;
			productRefGroup = BE57F9A11EF16E3E008BE6AD /* Products */;
			projectDirPath = "";
			projectRoot = "";
			targets = (
				BE57F99F1EF16E3E008BE6AD /* changeBook */,
			);
		};
/* End PBXProject section */

/* Begin PBXResourcesBuildPhase section */
		BE57F99E1EF16E3E008BE6AD /* Resources */ = {
			isa = PBXResourcesBuildPhase;
			buildActionMask = 2147483647;
			files = (
				BE8D53E81EFBF619003850EB /* Info.plist in Resources */,
				BE57F9AE1EF16E3E008BE6AD /* LaunchScreen.storyboard in Resources */,
				BE57F9AB1EF16E3E008BE6AD /* Assets.xcassets in Resources */,
			);
			runOnlyForDeploymentPostprocessing = 0;
		};
/* End PBXResourcesBuildPhase section */

/* Begin PBXShellScriptBuildPhase section */
		36DEC9A9A07461A41D280686 /* [CP] Copy Pods Resources */ = {
			isa = PBXShellScriptBuildPhase;
			buildActionMask = 2147483647;
			files = (
			);
			inputPaths = (
			);
			name = "[CP] Copy Pods Resources";
			outputPaths = (
			);
			runOnlyForDeploymentPostprocessing = 0;
			shellPath = /bin/sh;
			shellScript = "\"${SRCROOT}/Pods/Target Support Files/Pods-changeBook/Pods-changeBook-resources.sh\"\n";
			showEnvVarsInLog = 0;
		};
		B54E05CB16F5E6984E546DF1 /* [CP] Embed Pods Frameworks */ = {
			isa = PBXShellScriptBuildPhase;
			buildActionMask = 2147483647;
			files = (
			);
			inputPaths = (
			);
			name = "[CP] Embed Pods Frameworks";
			outputPaths = (
			);
			runOnlyForDeploymentPostprocessing = 0;
			shellPath = /bin/sh;
			shellScript = "\"${SRCROOT}/Pods/Target Support Files/Pods-changeBook/Pods-changeBook-frameworks.sh\"\n";
			showEnvVarsInLog = 0;
		};
		D18D03677B7283102FFDD65F /* [CP] Check Pods Manifest.lock */ = {
			isa = PBXShellScriptBuildPhase;
			buildActionMask = 2147483647;
			files = (
			);
			inputPaths = (
			);
			name = "[CP] Check Pods Manifest.lock";
			outputPaths = (
			);
			runOnlyForDeploymentPostprocessing = 0;
			shellPath = /bin/sh;
			shellScript = "diff \"${PODS_ROOT}/../Podfile.lock\" \"${PODS_ROOT}/Manifest.lock\" > /dev/null\nif [ $? != 0 ] ; then\n    # print error to STDERR\n    echo \"error: The sandbox is not in sync with the Podfile.lock. Run 'pod install' or update your CocoaPods installation.\" >&2\n    exit 1\nfi\n";
			showEnvVarsInLog = 0;
		};
/* End PBXShellScriptBuildPhase section */

/* Begin PBXSourcesBuildPhase section */
		BE57F99C1EF16E3E008BE6AD /* Sources */ = {
			isa = PBXSourcesBuildPhase;
			buildActionMask = 2147483647;
			files = (
				BE8D53F71EFC001C003850EB /* RECommonFunctions.m in Sources */,
				BE8D53ED1EFBF619003850EB /* STPopupNavigationBar.m in Sources */,
				BE0190A31EFD4B2500FA040E /* TeacherHomeViewController.swift in Sources */,
				BE01908C1EFC089400FA040E /* Config.swift in Sources */,
				BE01909D1EFD4B0300FA040E /* ArticleHomeViewController.swift in Sources */,
				BE0190A11EFD4B1900FA040E /* HomeViewController.swift in Sources */,
				BE8D53F81EFC001C003850EB /* RESideMenu.m in Sources */,
				BE0190971EFD4A6400FA040E /* BaseViewController.swift in Sources */,
				BE8D53EF1EFBF619003850EB /* UIViewController+STPopup.m in Sources */,
				BE0190AC1EFE0BC900FA040E /* MenuTableViewCell.swift in Sources */,
				BE8D53F91EFC001C003850EB /* UIViewController+RESideMenu.m in Sources */,
				BE01909F1EFD4B1000FA040E /* FriendsHomeViewController.swift in Sources */,
				BE57F9A41EF16E3E008BE6AD /* AppDelegate.swift in Sources */,
				BE0190A71EFD4B5E00FA040E /* RootTabBarViewController.swift in Sources */,
				BE8D53EB1EFBF619003850EB /* STPopupControllerTransitioningSlideVertical.m in Sources */,
				BE8D53E91EFBF619003850EB /* STPopupController.m in Sources */,
				BE0190A91EFD4B5E00FA040E /* MenuViewController.swift in Sources */,
				BE8D53EA1EFBF619003850EB /* STPopupControllerTransitioningFade.m in Sources */,
				BE8D53EE1EFBF619003850EB /* UIResponder+STPopup.m in Sources */,
				BE0190A81EFD4B5E00FA040E /* RootViewController.swift in Sources */,
				BE01908F1EFC096C00FA040E /* UIColor+Polesapp.swift in Sources */,
				BE0190951EFD4A4E00FA040E /* BaseNavigationController.swift in Sources */,
				BE8D53EC1EFBF619003850EB /* STPopupLeftBarItem.m in Sources */,
			);
			runOnlyForDeploymentPostprocessing = 0;
		};
/* End PBXSourcesBuildPhase section */

/* Begin PBXVariantGroup section */
		BE57F9AC1EF16E3E008BE6AD /* LaunchScreen.storyboard */ = {
			isa = PBXVariantGroup;
			children = (
				BE57F9AD1EF16E3E008BE6AD /* Base */,
			);
			name = LaunchScreen.storyboard;
			sourceTree = "<group>";
		};
/* End PBXVariantGroup section */

/* Begin XCBuildConfiguration section */
		BE57F9B01EF16E3E008BE6AD /* Debug */ = {
			isa = XCBuildConfiguration;
			buildSettings = {
				ALWAYS_SEARCH_USER_PATHS = NO;
				CLANG_ANALYZER_NONNULL = YES;
				CLANG_ANALYZER_NUMBER_OBJECT_CONVERSION = YES_AGGRESSIVE;
				CLANG_CXX_LANGUAGE_STANDARD = "gnu++0x";
				CLANG_CXX_LIBRARY = "libc++";
				CLANG_ENABLE_MODULES = YES;
				CLANG_ENABLE_OBJC_ARC = YES;
				CLANG_WARN_BOOL_CONVERSION = YES;
				CLANG_WARN_CONSTANT_CONVERSION = YES;
				CLANG_WARN_DIRECT_OBJC_ISA_USAGE = YES_ERROR;
				CLANG_WARN_DOCUMENTATION_COMMENTS = YES;
				CLANG_WARN_EMPTY_BODY = YES;
				CLANG_WARN_ENUM_CONVERSION = YES;
				CLANG_WARN_INFINITE_RECURSION = YES;
				CLANG_WARN_INT_CONVERSION = YES;
				CLANG_WARN_OBJC_ROOT_CLASS = YES_ERROR;
				CLANG_WARN_SUSPICIOUS_MOVE = YES;
				CLANG_WARN_UNREACHABLE_CODE = YES;
				CLANG_WARN__DUPLICATE_METHOD_MATCH = YES;
				"CODE_SIGN_IDENTITY[sdk=iphoneos*]" = "iPhone Developer";
				COPY_PHASE_STRIP = NO;
				DEBUG_INFORMATION_FORMAT = dwarf;
				ENABLE_STRICT_OBJC_MSGSEND = YES;
				ENABLE_TESTABILITY = YES;
				GCC_C_LANGUAGE_STANDARD = gnu99;
				GCC_DYNAMIC_NO_PIC = NO;
				GCC_NO_COMMON_BLOCKS = YES;
				GCC_OPTIMIZATION_LEVEL = 0;
				GCC_PREPROCESSOR_DEFINITIONS = (
					"DEBUG=1",
					"$(inherited)",
				);
				GCC_WARN_64_TO_32_BIT_CONVERSION = YES;
				GCC_WARN_ABOUT_RETURN_TYPE = YES_ERROR;
				GCC_WARN_UNDECLARED_SELECTOR = YES;
				GCC_WARN_UNINITIALIZED_AUTOS = YES_AGGRESSIVE;
				GCC_WARN_UNUSED_FUNCTION = YES;
				GCC_WARN_UNUSED_VARIABLE = YES;
				IPHONEOS_DEPLOYMENT_TARGET = 10.3;
				MTL_ENABLE_DEBUG_INFO = YES;
				ONLY_ACTIVE_ARCH = YES;
				SDKROOT = iphoneos;
				SWIFT_ACTIVE_COMPILATION_CONDITIONS = DEBUG;
				SWIFT_OPTIMIZATION_LEVEL = "-Onone";
			};
			name = Debug;
		};
		BE57F9B11EF16E3E008BE6AD /* Release */ = {
			isa = XCBuildConfiguration;
			buildSettings = {
				ALWAYS_SEARCH_USER_PATHS = NO;
				CLANG_ANALYZER_NONNULL = YES;
				CLANG_ANALYZER_NUMBER_OBJECT_CONVERSION = YES_AGGRESSIVE;
				CLANG_CXX_LANGUAGE_STANDARD = "gnu++0x";
				CLANG_CXX_LIBRARY = "libc++";
				CLANG_ENABLE_MODULES = YES;
				CLANG_ENABLE_OBJC_ARC = YES;
				CLANG_WARN_BOOL_CONVERSION = YES;
				CLANG_WARN_CONSTANT_CONVERSION = YES;
				CLANG_WARN_DIRECT_OBJC_ISA_USAGE = YES_ERROR;
				CLANG_WARN_DOCUMENTATION_COMMENTS = YES;
				CLANG_WARN_EMPTY_BODY = YES;
				CLANG_WARN_ENUM_CONVERSION = YES;
				CLANG_WARN_INFINITE_RECURSION = YES;
				CLANG_WARN_INT_CONVERSION = YES;
				CLANG_WARN_OBJC_ROOT_CLASS = YES_ERROR;
				CLANG_WARN_SUSPICIOUS_MOVE = YES;
				CLANG_WARN_UNREACHABLE_CODE = YES;
				CLANG_WARN__DUPLICATE_METHOD_MATCH = YES;
				"CODE_SIGN_IDENTITY[sdk=iphoneos*]" = "iPhone Developer";
				COPY_PHASE_STRIP = NO;
				DEBUG_INFORMATION_FORMAT = "dwarf-with-dsym";
				ENABLE_NS_ASSERTIONS = NO;
				ENABLE_STRICT_OBJC_MSGSEND = YES;
				GCC_C_LANGUAGE_STANDARD = gnu99;
				GCC_NO_COMMON_BLOCKS = YES;
				GCC_WARN_64_TO_32_BIT_CONVERSION = YES;
				GCC_WARN_ABOUT_RETURN_TYPE = YES_ERROR;
				GCC_WARN_UNDECLARED_SELECTOR = YES;
				GCC_WARN_UNINITIALIZED_AUTOS = YES_AGGRESSIVE;
				GCC_WARN_UNUSED_FUNCTION = YES;
				GCC_WARN_UNUSED_VARIABLE = YES;
				IPHONEOS_DEPLOYMENT_TARGET = 10.3;
				MTL_ENABLE_DEBUG_INFO = NO;
				SDKROOT = iphoneos;
				SWIFT_OPTIMIZATION_LEVEL = "-Owholemodule";
				VALIDATE_PRODUCT = YES;
			};
			name = Release;
		};
		BE57F9B31EF16E3E008BE6AD /* Debug */ = {
			isa = XCBuildConfiguration;
			baseConfigurationReference = 111BB78C520EABAE3CC254D1 /* Pods-changeBook.debug.xcconfig */;
			buildSettings = {
				ASSETCATALOG_COMPILER_APPICON_NAME = AppIcon;
				CLANG_ENABLE_MODULES = YES;
				DEVELOPMENT_TEAM = NLP5PZS8U3;
				INFOPLIST_FILE = changeBook/Info.plist;
				IPHONEOS_DEPLOYMENT_TARGET = 8.0;
				LD_RUNPATH_SEARCH_PATHS = "$(inherited) @executable_path/Frameworks";
				PRODUCT_BUNDLE_IDENTIFIER = com.jvaeyhcd.changeBook;
				PRODUCT_NAME = "$(TARGET_NAME)";
				SWIFT_OBJC_BRIDGING_HEADER = "OC/changeBook-Bridging-Header.h";
				SWIFT_OPTIMIZATION_LEVEL = "-Onone";
				SWIFT_VERSION = 3.0;
			};
			name = Debug;
		};
		BE57F9B41EF16E3E008BE6AD /* Release */ = {
			isa = XCBuildConfiguration;
			baseConfigurationReference = FD24FA76B8D7C13454370158 /* Pods-changeBook.release.xcconfig */;
			buildSettings = {
				ASSETCATALOG_COMPILER_APPICON_NAME = AppIcon;
				CLANG_ENABLE_MODULES = YES;
				DEVELOPMENT_TEAM = NLP5PZS8U3;
				INFOPLIST_FILE = changeBook/Info.plist;
				IPHONEOS_DEPLOYMENT_TARGET = 8.0;
				LD_RUNPATH_SEARCH_PATHS = "$(inherited) @executable_path/Frameworks";
				PRODUCT_BUNDLE_IDENTIFIER = com.jvaeyhcd.changeBook;
				PRODUCT_NAME = "$(TARGET_NAME)";
				SWIFT_OBJC_BRIDGING_HEADER = "OC/changeBook-Bridging-Header.h";
				SWIFT_VERSION = 3.0;
			};
			name = Release;
		};
/* End XCBuildConfiguration section */

/* Begin XCConfigurationList section */
		BE57F99B1EF16E3E008BE6AD /* Build configuration list for PBXProject "changeBook" */ = {
			isa = XCConfigurationList;
			buildConfigurations = (
				BE57F9B01EF16E3E008BE6AD /* Debug */,
				BE57F9B11EF16E3E008BE6AD /* Release */,
			);
			defaultConfigurationIsVisible = 0;
			defaultConfigurationName = Release;
		};
		BE57F9B21EF16E3E008BE6AD /* Build configuration list for PBXNativeTarget "changeBook" */ = {
			isa = XCConfigurationList;
			buildConfigurations = (
				BE57F9B31EF16E3E008BE6AD /* Debug */,
				BE57F9B41EF16E3E008BE6AD /* Release */,
			);
			defaultConfigurationIsVisible = 0;
			defaultConfigurationName = Release;
		};
/* End XCConfigurationList section */
	};
	rootObject = BE57F9981EF16E3E008BE6AD /* Project object */;
}
